
Microsoft Visual Studio Solution File, Format Version 10.00
# Visual Studio 2008
Project("{F184B08F-C81C-45F6-A57F-5ABD9991F28F}") = "Program1", "Program1\Program1.vbproj", "{240540A8-152E-45D5-BB93-171DFEA4923A}"
EndProject
Global
	GlobalSection(SolutionConfigurationPlatforms) = preSolution
		Debug|Any CPU = Debug|Any CPU
		Release|Any CPU = Release|Any CPU
	EndGlobalSection
	GlobalSection(ProjectConfigurationPlatforms) = postSolution
		{240540A8-152E-45D5-BB93-171DFEA4923A}.Debug|Any CPU.ActiveCfg = Debug|Any CPU
		{240540A8-152E-45D5-BB93-171DFEA4923A}.Debug|Any CPU.Build.0 = Debug|Any CPU
		{240540A8-152E-45D5-BB93-171DFEA4923A}.Release|Any CPU.ActiveCfg = Release|Any CPU
		{240540A8-152E-45D5-BB93-171DFEA4923A}.Release|Any CPU.Build.0 = Release|Any CPU
	EndGlobalSection
	GlobalSection(SolutionProperties) = preSolution
		HideSolutionNode = FALSE
	EndGlobalSection
EndGlobal
