
Microsoft Visual Studio Solution File, Format Version 10.00
# Visual Studio 2008
Project("{F184B08F-C81C-45F6-A57F-5ABD9991F28F}") = "Christmas Song", "Christmas Song\Christmas Song.vbproj", "{0C5422B0-3A8E-4C7D-BA8B-75EE867C3A46}"
EndProject
Global
	GlobalSection(SolutionConfigurationPlatforms) = preSolution
		Debug|Any CPU = Debug|Any CPU
		Release|Any CPU = Release|Any CPU
	EndGlobalSection
	GlobalSection(ProjectConfigurationPlatforms) = postSolution
		{0C5422B0-3A8E-4C7D-BA8B-75EE867C3A46}.Debug|Any CPU.ActiveCfg = Debug|Any CPU
		{0C5422B0-3A8E-4C7D-BA8B-75EE867C3A46}.Debug|Any CPU.Build.0 = Debug|Any CPU
		{0C5422B0-3A8E-4C7D-BA8B-75EE867C3A46}.Release|Any CPU.ActiveCfg = Release|Any CPU
		{0C5422B0-3A8E-4C7D-BA8B-75EE867C3A46}.Release|Any CPU.Build.0 = Release|Any CPU
	EndGlobalSection
	GlobalSection(SolutionProperties) = preSolution
		HideSolutionNode = FALSE
	EndGlobalSection
EndGlobal
