
Microsoft Visual Studio Solution File, Format Version 10.00
# Visual Studio 2008
Project("{8BC9CEB9-8B4A-11D0-8D11-00A0C91BC942}") = "number_guesser.exe", "number_guesser.exe", "{C91DA78F-FED6-4F02-B66D-736584F92C7D}"
EndProject
Global
	GlobalSection(SolutionConfigurationPlatforms) = preSolution
		Debug|Default = Debug|Default
	EndGlobalSection
	GlobalSection(ProjectConfigurationPlatforms) = postSolution
		{C91DA78F-FED6-4F02-B66D-736584F92C7D}.Debug|Default.ActiveCfg = Debug
	EndGlobalSection
	GlobalSection(SolutionProperties) = preSolution
		HideSolutionNode = FALSE
	EndGlobalSection
EndGlobal
