
Microsoft Visual Studio Solution File, Format Version 10.00
# Visual Studio 2008
Project("{F184B08F-C81C-45F6-A57F-5ABD9991F28F}") = "Program3", "Program3\Program3.vbproj", "{99371B2E-6BF5-4815-B2A7-C4D1F14DE22D}"
EndProject
Global
	GlobalSection(SolutionConfigurationPlatforms) = preSolution
		Debug|Any CPU = Debug|Any CPU
		Release|Any CPU = Release|Any CPU
	EndGlobalSection
	GlobalSection(ProjectConfigurationPlatforms) = postSolution
		{99371B2E-6BF5-4815-B2A7-C4D1F14DE22D}.Debug|Any CPU.ActiveCfg = Debug|Any CPU
		{99371B2E-6BF5-4815-B2A7-C4D1F14DE22D}.Debug|Any CPU.Build.0 = Debug|Any CPU
		{99371B2E-6BF5-4815-B2A7-C4D1F14DE22D}.Release|Any CPU.ActiveCfg = Release|Any CPU
		{99371B2E-6BF5-4815-B2A7-C4D1F14DE22D}.Release|Any CPU.Build.0 = Release|Any CPU
	EndGlobalSection
	GlobalSection(SolutionProperties) = preSolution
		HideSolutionNode = FALSE
	EndGlobalSection
EndGlobal
