
Microsoft Visual Studio Solution File, Format Version 10.00
# Visual Studio 2008
Project("{8BC9CEB8-8B4A-11D0-8D11-00A0C91BC942}") = "Mortgage Calculator", "Mortgage Calculator\Mortgage Calculator.vcproj", "{57937CF5-8165-421F-8496-8A3FC511B64E}"
EndProject
Global
	GlobalSection(SolutionConfigurationPlatforms) = preSolution
		Debug|Win32 = Debug|Win32
		Release|Win32 = Release|Win32
	EndGlobalSection
	GlobalSection(ProjectConfigurationPlatforms) = postSolution
		{57937CF5-8165-421F-8496-8A3FC511B64E}.Debug|Win32.ActiveCfg = Debug|Win32
		{57937CF5-8165-421F-8496-8A3FC511B64E}.Debug|Win32.Build.0 = Debug|Win32
		{57937CF5-8165-421F-8496-8A3FC511B64E}.Release|Win32.ActiveCfg = Release|Win32
		{57937CF5-8165-421F-8496-8A3FC511B64E}.Release|Win32.Build.0 = Release|Win32
	EndGlobalSection
	GlobalSection(SolutionProperties) = preSolution
		HideSolutionNode = FALSE
	EndGlobalSection
EndGlobal
